
Microsoft Visual Studio Solution File, Format Version 12.00
# Visual Studio Version 17
VisualStudioVersion = 17.10.35027.167
MinimumVisualStudioVersion = 10.0.40219.1
Project("{FAE04EC0-301F-11D3-BF4B-00C04F79EFBC}") = "AdRotator", "AdRotator.csproj", "{12B1D25E-0A0B-43F5-8F2C-F91EF3705EA4}"
EndProject
Global
	GlobalSection(SolutionConfigurationPlatforms) = preSolution
		Debug|Any CPU = Debug|Any CPU
		Release|Any CPU = Release|Any CPU
	EndGlobalSection
	GlobalSection(ProjectConfigurationPlatforms) = postSolution
		{12B1D25E-0A0B-43F5-8F2C-F91EF3705EA4}.Debug|Any CPU.ActiveCfg = Debug|Any CPU
		{12B1D25E-0A0B-43F5-8F2C-F91EF3705EA4}.Debug|Any CPU.Build.0 = Debug|Any CPU
		{12B1D25E-0A0B-43F5-8F2C-F91EF3705EA4}.Release|Any CPU.ActiveCfg = Release|Any CPU
		{12B1D25E-0A0B-43F5-8F2C-F91EF3705EA4}.Release|Any CPU.Build.0 = Release|Any CPU
	EndGlobalSection
	GlobalSection(SolutionProperties) = preSolution
		HideSolutionNode = FALSE
	EndGlobalSection
	GlobalSection(ExtensibilityGlobals) = postSolution
		SolutionGuid = {561AD227-40C9-49B1-913A-42D1024D332A}
	EndGlobalSection
EndGlobal
